
Microsoft Visual Studio Solution File, Format Version 12.00
# Visual Studio Version 17
VisualStudioVersion = 17.8.34408.163
MinimumVisualStudioVersion = 10.0.40219.1
Project("{FAE04EC0-301F-11D3-BF4B-00C04F79EFBC}") = "SnowbreakToolbox", "SnowbreakToolbox\SnowbreakToolbox.csproj", "{043EFF56-642B-41F7-A619-E5A5D1AC0A35}"
EndProject
Global
	GlobalSection(SolutionConfigurationPlatforms) = preSolution
		Debug|Any CPU = Debug|Any CPU
		Release|Any CPU = Release|Any CPU
	EndGlobalSection
	GlobalSection(ProjectConfigurationPlatforms) = postSolution
		{043EFF56-642B-41F7-A619-E5A5D1AC0A35}.Debug|Any CPU.ActiveCfg = Debug|Any CPU
		{043EFF56-642B-41F7-A619-E5A5D1AC0A35}.Debug|Any CPU.Build.0 = Debug|Any CPU
		{043EFF56-642B-41F7-A619-E5A5D1AC0A35}.Release|Any CPU.ActiveCfg = Release|Any CPU
		{043EFF56-642B-41F7-A619-E5A5D1AC0A35}.Release|Any CPU.Build.0 = Release|Any CPU
	EndGlobalSection
	GlobalSection(SolutionProperties) = preSolution
		HideSolutionNode = FALSE
	EndGlobalSection
	GlobalSection(ExtensibilityGlobals) = postSolution
		SolutionGuid = {153E509E-9958-42A4-AD6D-4D2D0BED8E50}
	EndGlobalSection
EndGlobal
