
Microsoft Visual Studio Solution File, Format Version 12.00
# Visual Studio Version 17
VisualStudioVersion = 17.7.34018.315
MinimumVisualStudioVersion = 10.0.40219.1
Project("{9A19103F-16F7-4668-BE54-9A1E7A4F7556}") = "SnowbreakGachaExport", "SnowbreakGachaExport\SnowbreakGachaExport.csproj", "{5ABA10A2-A17C-414D-85E4-FC164A2F8B4B}"
EndProject
Project("{2150E333-8FDC-42A3-9474-1A3956D46DE8}") = "Solution Items", "Solution Items", "{6462C13F-E180-4AB7-97B0-B410EBFEA1C2}"
	ProjectSection(SolutionItems) = preProject
		.editorconfig = .editorconfig
	EndProjectSection
EndProject
Global
	GlobalSection(SolutionConfigurationPlatforms) = preSolution
		Debug|Any CPU = Debug|Any CPU
		Release|Any CPU = Release|Any CPU
	EndGlobalSection
	GlobalSection(ProjectConfigurationPlatforms) = postSolution
		{5ABA10A2-A17C-414D-85E4-FC164A2F8B4B}.Debug|Any CPU.ActiveCfg = Debug|Any CPU
		{5ABA10A2-A17C-414D-85E4-FC164A2F8B4B}.Debug|Any CPU.Build.0 = Debug|Any CPU
		{5ABA10A2-A17C-414D-85E4-FC164A2F8B4B}.Release|Any CPU.ActiveCfg = Release|Any CPU
		{5ABA10A2-A17C-414D-85E4-FC164A2F8B4B}.Release|Any CPU.Build.0 = Release|Any CPU
	EndGlobalSection
	GlobalSection(SolutionProperties) = preSolution
		HideSolutionNode = FALSE
	EndGlobalSection
EndGlobal
